Microsoft Visual Studio Solution File, Format Version 12.00
# Visual Studio 2012
Project("{FAE04EC0-301F-11D3-BF4B-00C04F79EFBC}") = "Tutorial", "Tutorial.csproj", "{F836BC1F-BF7F-432B-A394-AE6CE9C890D0}"
EndProject
Global
	GlobalSection(SolutionConfigurationPlatforms) = preSolution
	Debug|Any CPU = Debug|Any CPU
	ExportDebug|Any CPU = ExportDebug|Any CPU
	ExportRelease|Any CPU = ExportRelease|Any CPU
	EndGlobalSection
	GlobalSection(ProjectConfigurationPlatforms) = postSolution
		{F836BC1F-BF7F-432B-A394-AE6CE9C890D0}.Debug|Any CPU.ActiveCfg = Debug|Any CPU
		{F836BC1F-BF7F-432B-A394-AE6CE9C890D0}.Debug|Any CPU.Build.0 = Debug|Any CPU
		{F836BC1F-BF7F-432B-A394-AE6CE9C890D0}.ExportDebug|Any CPU.ActiveCfg = ExportDebug|Any CPU
		{F836BC1F-BF7F-432B-A394-AE6CE9C890D0}.ExportDebug|Any CPU.Build.0 = ExportDebug|Any CPU
		{F836BC1F-BF7F-432B-A394-AE6CE9C890D0}.ExportRelease|Any CPU.ActiveCfg = ExportRelease|Any CPU
		{F836BC1F-BF7F-432B-A394-AE6CE9C890D0}.ExportRelease|Any CPU.Build.0 = ExportRelease|Any CPU
	EndGlobalSection
EndGlobal
