Microsoft Visual Studio Solution File, Format Version 12.00
# Visual Studio 2012
Project("{FAE04EC0-301F-11D3-BF4B-00C04F79EFBC}") = "Tutorial 1", "Tutorial 1.csproj", "{9F6D6E1A-78E9-4A72-80A1-86C18BAB937F}"
EndProject
Global
	GlobalSection(SolutionConfigurationPlatforms) = preSolution
	Debug|Any CPU = Debug|Any CPU
	ExportDebug|Any CPU = ExportDebug|Any CPU
	ExportRelease|Any CPU = ExportRelease|Any CPU
	EndGlobalSection
	GlobalSection(ProjectConfigurationPlatforms) = postSolution
		{9F6D6E1A-78E9-4A72-80A1-86C18BAB937F}.Debug|Any CPU.ActiveCfg = Debug|Any CPU
		{9F6D6E1A-78E9-4A72-80A1-86C18BAB937F}.Debug|Any CPU.Build.0 = Debug|Any CPU
		{9F6D6E1A-78E9-4A72-80A1-86C18BAB937F}.ExportDebug|Any CPU.ActiveCfg = ExportDebug|Any CPU
		{9F6D6E1A-78E9-4A72-80A1-86C18BAB937F}.ExportDebug|Any CPU.Build.0 = ExportDebug|Any CPU
		{9F6D6E1A-78E9-4A72-80A1-86C18BAB937F}.ExportRelease|Any CPU.ActiveCfg = ExportRelease|Any CPU
		{9F6D6E1A-78E9-4A72-80A1-86C18BAB937F}.ExportRelease|Any CPU.Build.0 = ExportRelease|Any CPU
	EndGlobalSection
EndGlobal
